
Microsoft Visual Studio Solution File, Format Version 12.00
# Visual Studio Version 16
VisualStudioVersion = 16.0.30128.74
MinimumVisualStudioVersion = 10.0.40219.1
Project("{FAE04EC0-301F-11D3-BF4B-00C04F79EFBC}") = "PRUEBA", "PRUEBA\PRUEBA.csproj", "{C3A3054F-70B5-4943-B638-9515E348B93A}"
EndProject
Global
	GlobalSection(SolutionConfigurationPlatforms) = preSolution
		Debug|Any CPU = Debug|Any CPU
		Release|Any CPU = Release|Any CPU
	EndGlobalSection
	GlobalSection(ProjectConfigurationPlatforms) = postSolution
		{C3A3054F-70B5-4943-B638-9515E348B93A}.Debug|Any CPU.ActiveCfg = Debug|Any CPU
		{C3A3054F-70B5-4943-B638-9515E348B93A}.Debug|Any CPU.Build.0 = Debug|Any CPU
		{C3A3054F-70B5-4943-B638-9515E348B93A}.Release|Any CPU.ActiveCfg = Release|Any CPU
		{C3A3054F-70B5-4943-B638-9515E348B93A}.Release|Any CPU.Build.0 = Release|Any CPU
	EndGlobalSection
	GlobalSection(SolutionProperties) = preSolution
		HideSolutionNode = FALSE
	EndGlobalSection
	GlobalSection(ExtensibilityGlobals) = postSolution
		SolutionGuid = {A421AB03-A36F-4E7D-A9A7-089DFC6E08BE}
	EndGlobalSection
EndGlobal
